
Microsoft Visual Studio Solution File, Format Version 12.00
# Visual Studio 15
VisualStudioVersion = 15.0.27130.2010
MinimumVisualStudioVersion = 10.0.40219.1
Project("{FAE04EC0-301F-11D3-BF4B-00C04F79EFBC}") = "Clobbits", "Clobbits\Clobbits.csproj", "{667EA2F7-ED3A-426E-8DB5-D76CF2FB8E4B}"
EndProject
Global
	GlobalSection(SolutionConfigurationPlatforms) = preSolution
		Debug|Any CPU = Debug|Any CPU
		Release|Any CPU = Release|Any CPU
	EndGlobalSection
	GlobalSection(ProjectConfigurationPlatforms) = postSolution
		{667EA2F7-ED3A-426E-8DB5-D76CF2FB8E4B}.Debug|Any CPU.ActiveCfg = Debug|Any CPU
		{667EA2F7-ED3A-426E-8DB5-D76CF2FB8E4B}.Debug|Any CPU.Build.0 = Debug|Any CPU
		{667EA2F7-ED3A-426E-8DB5-D76CF2FB8E4B}.Release|Any CPU.ActiveCfg = Release|Any CPU
		{667EA2F7-ED3A-426E-8DB5-D76CF2FB8E4B}.Release|Any CPU.Build.0 = Release|Any CPU
	EndGlobalSection
	GlobalSection(SolutionProperties) = preSolution
		HideSolutionNode = FALSE
	EndGlobalSection
	GlobalSection(ExtensibilityGlobals) = postSolution
		SolutionGuid = {54B13722-65E0-4D28-B069-68CEB1C3E2D5}
	EndGlobalSection
EndGlobal
